// !$*UTF8*$!
{
	archiveVersion = 1;
	classes = {
	};
	objectVersion = 50;
	objects = {

/* Begin PBXBuildFile section */
		2C72FD4D25006F48008D1AF0 /* AppDelegate.swift in Sources */ = {isa = PBXBuildFile; fileRef = 2C72FD4C25006F48008D1AF0 /* AppDelegate.swift */; };
		2C72FD4F25006F48008D1AF0 /* SceneDelegate.swift in Sources */ = {isa = PBXBuildFile; fileRef = 2C72FD4E25006F48008D1AF0 /* SceneDelegate.swift */; };
		2C72FD5125006F48008D1AF0 /* ContentView.swift in Sources */ = {isa = PBXBuildFile; fileRef = 2C72FD5025006F48008D1AF0 /* ContentView.swift */; };
		2C72FD5325006F52008D1AF0 /* Assets.xcassets in Resources */ = {isa = PBXBuildFile; fileRef = 2C72FD5225006F52008D1AF0 /* Assets.xcassets */; };
		2C72FD5625006F52008D1AF0 /* Preview Assets.xcassets in Resources */ = {isa = PBXBuildFile; fileRef = 2C72FD5525006F52008D1AF0 /* Preview Assets.xcassets */; };
		2C72FD5925006F52008D1AF0 /* LaunchScreen.storyboard in Resources */ = {isa = PBXBuildFile; fileRef = 2C72FD5725006F52008D1AF0 /* LaunchScreen.storyboard */; };
		2C72FD6425006F52008D1AF0 /* TaskTrackerTests.swift in Sources */ = {isa = PBXBuildFile; fileRef = 2C72FD6325006F52008D1AF0 /* TaskTrackerTests.swift */; };
		2C72FD6F25006F52008D1AF0 /* TaskTrackerUITests.swift in Sources */ = {isa = PBXBuildFile; fileRef = 2C72FD6E25006F52008D1AF0 /* TaskTrackerUITests.swift */; };
		2C72FD7425006F52008D1AF0 /* TaskTracker WatchKit App.app in Embed Watch Content */ = {isa = PBXBuildFile; fileRef = 2C72FD7325006F52008D1AF0 /* TaskTracker WatchKit App.app */; settings = {ATTRIBUTES = (RemoveHeadersOnCopy, ); }; };
		2C72FD7A25006F52008D1AF0 /* Interface.storyboard in Resources */ = {isa = PBXBuildFile; fileRef = 2C72FD7825006F52008D1AF0 /* Interface.storyboard */; };
		2C72FD7C25006F54008D1AF0 /* Assets.xcassets in Resources */ = {isa = PBXBuildFile; fileRef = 2C72FD7B25006F54008D1AF0 /* Assets.xcassets */; };
		2C72FD8325006F54008D1AF0 /* TaskTracker WatchKit Extension.appex in Embed App Extensions */ = {isa = PBXBuildFile; fileRef = 2C72FD8225006F54008D1AF0 /* TaskTracker WatchKit Extension.appex */; settings = {ATTRIBUTES = (RemoveHeadersOnCopy, ); }; };
		2C72FD8825006F54008D1AF0 /* ContentView.swift in Sources */ = {isa = PBXBuildFile; fileRef = 2C72FD8725006F54008D1AF0 /* ContentView.swift */; };
		2C72FD8A25006F54008D1AF0 /* HostingController.swift in Sources */ = {isa = PBXBuildFile; fileRef = 2C72FD8925006F54008D1AF0 /* HostingController.swift */; };
		2C72FD8C25006F54008D1AF0 /* ExtensionDelegate.swift in Sources */ = {isa = PBXBuildFile; fileRef = 2C72FD8B25006F54008D1AF0 /* ExtensionDelegate.swift */; };
		2C72FD8E25006F54008D1AF0 /* NotificationController.swift in Sources */ = {isa = PBXBuildFile; fileRef = 2C72FD8D25006F54008D1AF0 /* NotificationController.swift */; };
		2C72FD9025006F54008D1AF0 /* NotificationView.swift in Sources */ = {isa = PBXBuildFile; fileRef = 2C72FD8F25006F54008D1AF0 /* NotificationView.swift */; };
		2C72FD9225006F54008D1AF0 /* ComplicationController.swift in Sources */ = {isa = PBXBuildFile; fileRef = 2C72FD9125006F54008D1AF0 /* ComplicationController.swift */; };
		2C72FD9425006F55008D1AF0 /* Assets.xcassets in Resources */ = {isa = PBXBuildFile; fileRef = 2C72FD9325006F55008D1AF0 /* Assets.xcassets */; };
		2C72FD9725006F55008D1AF0 /* Preview Assets.xcassets in Resources */ = {isa = PBXBuildFile; fileRef = 2C72FD9625006F55008D1AF0 /* Preview Assets.xcassets */; };
/* End PBXBuildFile section */

/* Begin PBXContainerItemProxy section */
		2C72FD6025006F52008D1AF0 /* PBXContainerItemProxy */ = {
			isa = PBXContainerItemProxy;
			containerPortal = 2C72FD4125006F48008D1AF0 /* Project object */;
			proxyType = 1;
			remoteGlobalIDString = 2C72FD4825006F48008D1AF0;
			remoteInfo = TaskTracker;
		};
		2C72FD6B25006F52008D1AF0 /* PBXContainerItemProxy */ = {
			isa = PBXContainerItemProxy;
			containerPortal = 2C72FD4125006F48008D1AF0 /* Project object */;
			proxyType = 1;
			remoteGlobalIDString = 2C72FD4825006F48008D1AF0;
			remoteInfo = TaskTracker;
		};
		2C72FD7525006F52008D1AF0 /* PBXContainerItemProxy */ = {
			isa = PBXContainerItemProxy;
			containerPortal = 2C72FD4125006F48008D1AF0 /* Project object */;
			proxyType = 1;
			remoteGlobalIDString = 2C72FD7225006F52008D1AF0;
			remoteInfo = "TaskTracker WatchKit App";
		};
		2C72FD8425006F54008D1AF0 /* PBXContainerItemProxy */ = {
			isa = PBXContainerItemProxy;
			containerPortal = 2C72FD4125006F48008D1AF0 /* Project object */;
			proxyType = 1;
			remoteGlobalIDString = 2C72FD8125006F54008D1AF0;
			remoteInfo = "TaskTracker WatchKit Extension";
		};
/* End PBXContainerItemProxy section */

/* Begin PBXCopyFilesBuildPhase section */
		2C72FD9F25006F55008D1AF0 /* Embed App Extensions */ = {
			isa = PBXCopyFilesBuildPhase;
			buildActionMask = 2147483647;
			dstPath = "";
			dstSubfolderSpec = 13;
			files = (
				2C72FD8325006F54008D1AF0 /* TaskTracker WatchKit Extension.appex in Embed App Extensions */,
			);
			name = "Embed App Extensions";
			runOnlyForDeploymentPostprocessing = 0;
		};
		2C72FDA325006F55008D1AF0 /* Embed Watch Content */ = {
			isa = PBXCopyFilesBuildPhase;
			buildActionMask = 2147483647;
			dstPath = "$(CONTENTS_FOLDER_PATH)/Watch";
			dstSubfolderSpec = 16;
			files = (
				2C72FD7425006F52008D1AF0 /* TaskTracker WatchKit App.app in Embed Watch Content */,
			);
			name = "Embed Watch Content";
			runOnlyForDeploymentPostprocessing = 0;
		};
/* End PBXCopyFilesBuildPhase section */

/* Begin PBXFileReference section */
		2C72FD4925006F48008D1AF0 /* TaskTracker.app */ = {isa = PBXFileReference; explicitFileType = wrapper.application; includeInIndex = 0; path = TaskTracker.app; sourceTree = BUILT_PRODUCTS_DIR; };
		2C72FD4C25006F48008D1AF0 /* AppDelegate.swift */ = {isa = PBXFileReference; lastKnownFileType = sourcecode.swift; path = AppDelegate.swift; sourceTree = "<group>"; };
		2C72FD4E25006F48008D1AF0 /* SceneDelegate.swift */ = {isa = PBXFileReference; lastKnownFileType = sourcecode.swift; path = SceneDelegate.swift; sourceTree = "<group>"; };
		2C72FD5025006F48008D1AF0 /* ContentView.swift */ = {isa = PBXFileReference; lastKnownFileType = sourcecode.swift; path = ContentView.swift; sourceTree = "<group>"; };
		2C72FD5225006F52008D1AF0 /* Assets.xcassets */ = {isa = PBXFileReference; lastKnownFileType = folder.assetcatalog; path = Assets.xcassets; sourceTree = "<group>"; };
		2C72FD5525006F52008D1AF0 /* Preview Assets.xcassets */ = {isa = PBXFileReference; lastKnownFileType = folder.assetcatalog; path = "Preview Assets.xcassets"; sourceTree = "<group>"; };
		2C72FD5825006F52008D1AF0 /* Base */ = {isa = PBXFileReference; lastKnownFileType = file.storyboard; name = Base; path = Base.lproj/LaunchScreen.storyboard; sourceTree = "<group>"; };
		2C72FD5A25006F52008D1AF0 /* Info.plist */ = {isa = PBXFileReference; lastKnownFileType = text.plist.xml; path = Info.plist; sourceTree = "<group>"; };
		2C72FD5F25006F52008D1AF0 /* TaskTrackerTests.xctest */ = {isa = PBXFileReference; explicitFileType = wrapper.cfbundle; includeInIndex = 0; path = TaskTrackerTests.xctest; sourceTree = BUILT_PRODUCTS_DIR; };
		2C72FD6325006F52008D1AF0 /* TaskTrackerTests.swift */ = {isa = PBXFileReference; lastKnownFileType = sourcecode.swift; path = TaskTrackerTests.swift; sourceTree = "<group>"; };
		2C72FD6525006F52008D1AF0 /* Info.plist */ = {isa = PBXFileReference; lastKnownFileType = text.plist.xml; path = Info.plist; sourceTree = "<group>"; };
		2C72FD6A25006F52008D1AF0 /* TaskTrackerUITests.xctest */ = {isa = PBXFileReference; explicitFileType = wrapper.cfbundle; includeInIndex = 0; path = TaskTrackerUITests.xctest; sourceTree = BUILT_PRODUCTS_DIR; };
		2C72FD6E25006F52008D1AF0 /* TaskTrackerUITests.swift */ = {isa = PBXFileReference; lastKnownFileType = sourcecode.swift; path = TaskTrackerUITests.swift; sourceTree = "<group>"; };
		2C72FD7025006F52008D1AF0 /* Info.plist */ = {isa = PBXFileReference; lastKnownFileType = text.plist.xml; path = Info.plist; sourceTree = "<group>"; };
		2C72FD7325006F52008D1AF0 /* TaskTracker WatchKit App.app */ = {isa = PBXFileReference; explicitFileType = wrapper.application; includeInIndex = 0; path = "TaskTracker WatchKit App.app"; sourceTree = BUILT_PRODUCTS_DIR; };
		2C72FD7925006F52008D1AF0 /* Base */ = {isa = PBXFileReference; lastKnownFileType = file.storyboard; name = Base; path = Base.lproj/Interface.storyboard; sourceTree = "<group>"; };
		2C72FD7B25006F54008D1AF0 /* Assets.xcassets */ = {isa = PBXFileReference; lastKnownFileType = folder.assetcatalog; path = Assets.xcassets; sourceTree = "<group>"; };
		2C72FD7D25006F54008D1AF0 /* Info.plist */ = {isa = PBXFileReference; lastKnownFileType = text.plist.xml; path = Info.plist; sourceTree = "<group>"; };
		2C72FD8225006F54008D1AF0 /* TaskTracker WatchKit Extension.appex */ = {isa = PBXFileReference; explicitFileType = "wrapper.app-extension"; includeInIndex = 0; path = "TaskTracker WatchKit Extension.appex"; sourceTree = BUILT_PRODUCTS_DIR; };
		2C72FD8725006F54008D1AF0 /* ContentView.swift */ = {isa = PBXFileReference; lastKnownFileType = sourcecode.swift; path = ContentView.swift; sourceTree = "<group>"; };
		2C72FD8925006F54008D1AF0 /* HostingController.swift */ = {isa = PBXFileReference; lastKnownFileType = sourcecode.swift; path = HostingController.swift; sourceTree = "<group>"; };
		2C72FD8B25006F54008D1AF0 /* ExtensionDelegate.swift */ = {isa = PBXFileReference; lastKnownFileType = sourcecode.swift; path = ExtensionDelegate.swift; sourceTree = "<group>"; };
		2C72FD8D25006F54008D1AF0 /* NotificationController.swift */ = {isa = PBXFileReference; lastKnownFileType = sourcecode.swift; path = NotificationController.swift; sourceTree = "<group>"; };
		2C72FD8F25006F54008D1AF0 /* NotificationView.swift */ = {isa = PBXFileReference; lastKnownFileType = sourcecode.swift; path = NotificationView.swift; sourceTree = "<group>"; };
		2C72FD9125006F54008D1AF0 /* ComplicationController.swift */ = {isa = PBXFileReference; lastKnownFileType = sourcecode.swift; path = ComplicationController.swift; sourceTree = "<group>"; };
		2C72FD9325006F55008D1AF0 /* Assets.xcassets */ = {isa = PBXFileReference; lastKnownFileType = folder.assetcatalog; path = Assets.xcassets; sourceTree = "<group>"; };
		2C72FD9625006F55008D1AF0 /* Preview Assets.xcassets */ = {isa = PBXFileReference; lastKnownFileType = folder.assetcatalog; path = "Preview Assets.xcassets"; sourceTree = "<group>"; };
		2C72FD9825006F55008D1AF0 /* Info.plist */ = {isa = PBXFileReference; lastKnownFileType = text.plist.xml; path = Info.plist; sourceTree = "<group>"; };
		2C72FD9925006F55008D1AF0 /* PushNotificationPayload.apns */ = {isa = PBXFileReference; lastKnownFileType = text; path = PushNotificationPayload.apns; sourceTree = "<group>"; };
/* End PBXFileReference section */

/* Begin PBXFrameworksBuildPhase section */
		2C72FD4625006F48008D1AF0 /* Frameworks */ = {
			isa = PBXFrameworksBuildPhase;
			buildActionMask = 2147483647;
			files = (
			);
			runOnlyForDeploymentPostprocessing = 0;
		};
		2C72FD5C25006F52008D1AF0 /* Frameworks */ = {
			isa = PBXFrameworksBuildPhase;
			buildActionMask = 2147483647;
			files = (
			);
			runOnlyForDeploymentPostprocessing = 0;
		};
		2C72FD6725006F52008D1AF0 /* Frameworks */ = {
			isa = PBXFrameworksBuildPhase;
			buildActionMask = 2147483647;
			files = (
			);
			runOnlyForDeploymentPostprocessing = 0;
		};
		2C72FD7F25006F54008D1AF0 /* Frameworks */ = {
			isa = PBXFrameworksBuildPhase;
			buildActionMask = 2147483647;
			files = (
			);
			runOnlyForDeploymentPostprocessing = 0;
		};
/* End PBXFrameworksBuildPhase section */

/* Begin PBXGroup section */
		2C72FD4025006F48008D1AF0 = {
			isa = PBXGroup;
			children = (
				2C72FD4B25006F48008D1AF0 /* TaskTracker */,
				2C72FD6225006F52008D1AF0 /* TaskTrackerTests */,
				2C72FD6D25006F52008D1AF0 /* TaskTrackerUITests */,
				2C72FD7725006F52008D1AF0 /* TaskTracker WatchKit App */,
				2C72FD8625006F54008D1AF0 /* TaskTracker WatchKit Extension */,
				2C72FD4A25006F48008D1AF0 /* Products */,
			);
			sourceTree = "<group>";
		};
		2C72FD4A25006F48008D1AF0 /* Products */ = {
			isa = PBXGroup;
			children = (
				2C72FD4925006F48008D1AF0 /* TaskTracker.app */,
				2C72FD5F25006F52008D1AF0 /* TaskTrackerTests.xctest */,
				2C72FD6A25006F52008D1AF0 /* TaskTrackerUITests.xctest */,
				2C72FD7325006F52008D1AF0 /* TaskTracker WatchKit App.app */,
				2C72FD8225006F54008D1AF0 /* TaskTracker WatchKit Extension.appex */,
			);
			name = Products;
			sourceTree = "<group>";
		};
		2C72FD4B25006F48008D1AF0 /* TaskTracker */ = {
			isa = PBXGroup;
			children = (
				2C72FD4C25006F48008D1AF0 /* AppDelegate.swift */,
				2C72FD4E25006F48008D1AF0 /* SceneDelegate.swift */,
				2C72FD5025006F48008D1AF0 /* ContentView.swift */,
				2C72FD5225006F52008D1AF0 /* Assets.xcassets */,
				2C72FD5725006F52008D1AF0 /* LaunchScreen.storyboard */,
				2C72FD5A25006F52008D1AF0 /* Info.plist */,
				2C72FD5425006F52008D1AF0 /* Preview Content */,
			);
			path = TaskTracker;
			sourceTree = "<group>";
		};
		2C72FD5425006F52008D1AF0 /* Preview Content */ = {
			isa = PBXGroup;
			children = (
				2C72FD5525006F52008D1AF0 /* Preview Assets.xcassets */,
			);
			path = "Preview Content";
			sourceTree = "<group>";
		};
		2C72FD6225006F52008D1AF0 /* TaskTrackerTests */ = {
			isa = PBXGroup;
			children = (
				2C72FD6325006F52008D1AF0 /* TaskTrackerTests.swift */,
				2C72FD6525006F52008D1AF0 /* Info.plist */,
			);
			path = TaskTrackerTests;
			sourceTree = "<group>";
		};
		2C72FD6D25006F52008D1AF0 /* TaskTrackerUITests */ = {
			isa = PBXGroup;
			children = (
				2C72FD6E25006F52008D1AF0 /* TaskTrackerUITests.swift */,
				2C72FD7025006F52008D1AF0 /* Info.plist */,
			);
			path = TaskTrackerUITests;
			sourceTree = "<group>";
		};
		2C72FD7725006F52008D1AF0 /* TaskTracker WatchKit App */ = {
			isa = PBXGroup;
			children = (
				2C72FD7825006F52008D1AF0 /* Interface.storyboard */,
				2C72FD7B25006F54008D1AF0 /* Assets.xcassets */,
				2C72FD7D25006F54008D1AF0 /* Info.plist */,
			);
			path = "TaskTracker WatchKit App";
			sourceTree = "<group>";
		};
		2C72FD8625006F54008D1AF0 /* TaskTracker WatchKit Extension */ = {
			isa = PBXGroup;
			children = (
				2C72FD8725006F54008D1AF0 /* ContentView.swift */,
				2C72FD8925006F54008D1AF0 /* HostingController.swift */,
				2C72FD8B25006F54008D1AF0 /* ExtensionDelegate.swift */,
				2C72FD8D25006F54008D1AF0 /* NotificationController.swift */,
				2C72FD8F25006F54008D1AF0 /* NotificationView.swift */,
				2C72FD9125006F54008D1AF0 /* ComplicationController.swift */,
				2C72FD9325006F55008D1AF0 /* Assets.xcassets */,
				2C72FD9825006F55008D1AF0 /* Info.plist */,
				2C72FD9925006F55008D1AF0 /* PushNotificationPayload.apns */,
				2C72FD9525006F55008D1AF0 /* Preview Content */,
			);
			path = "TaskTracker WatchKit Extension";
			sourceTree = "<group>";
		};
		2C72FD9525006F55008D1AF0 /* Preview Content */ = {
			isa = PBXGroup;
			children = (
				2C72FD9625006F55008D1AF0 /* Preview Assets.xcassets */,
			);
			path = "Preview Content";
			sourceTree = "<group>";
		};
/* End PBXGroup section */

/* Begin PBXNativeTarget section */
		2C72FD4825006F48008D1AF0 /* TaskTracker */ = {
			isa = PBXNativeTarget;
			buildConfigurationList = 2C72FDA425006F55008D1AF0 /* Build configuration list for PBXNativeTarget "TaskTracker" */;
			buildPhases = (
				2C72FD4525006F48008D1AF0 /* Sources */,
				2C72FD4625006F48008D1AF0 /* Frameworks */,
				2C72FD4725006F48008D1AF0 /* Resources */,
				2C72FDA325006F55008D1AF0 /* Embed Watch Content */,
			);
			buildRules = (
			);
			dependencies = (
				2C72FD7625006F52008D1AF0 /* PBXTargetDependency */,
			);
			name = TaskTracker;
			productName = TaskTracker;
			productReference = 2C72FD4925006F48008D1AF0 /* TaskTracker.app */;
			productType = "com.apple.product-type.application";
		};
		2C72FD5E25006F52008D1AF0 /* TaskTrackerTests */ = {
			isa = PBXNativeTarget;
			buildConfigurationList = 2C72FDA725006F55008D1AF0 /* Build configuration list for PBXNativeTarget "TaskTrackerTests" */;
			buildPhases = (
				2C72FD5B25006F52008D1AF0 /* Sources */,
				2C72FD5C25006F52008D1AF0 /* Frameworks */,
				2C72FD5D25006F52008D1AF0 /* Resources */,
			);
			buildRules = (
			);
			dependencies = (
				2C72FD6125006F52008D1AF0 /* PBXTargetDependency */,
			);
			name = TaskTrackerTests;
			productName = TaskTrackerTests;
			productReference = 2C72FD5F25006F52008D1AF0 /* TaskTrackerTests.xctest */;
			productType = "com.apple.product-type.bundle.unit-test";
		};
		2C72FD6925006F52008D1AF0 /* TaskTrackerUITests */ = {
			isa = PBXNativeTarget;
			buildConfigurationList = 2C72FDAA25006F55008D1AF0 /* Build configuration list for PBXNativeTarget "TaskTrackerUITests" */;
			buildPhases = (
				2C72FD6625006F52008D1AF0 /* Sources */,
				2C72FD6725006F52008D1AF0 /* Frameworks */,
				2C72FD6825006F52008D1AF0 /* Resources */,
			);
			buildRules = (
			);
			dependencies = (
				2C72FD6C25006F52008D1AF0 /* PBXTargetDependency */,
			);
			name = TaskTrackerUITests;
			productName = TaskTrackerUITests;
			productReference = 2C72FD6A25006F52008D1AF0 /* TaskTrackerUITests.xctest */;
			productType = "com.apple.product-type.bundle.ui-testing";
		};
		2C72FD7225006F52008D1AF0 /* TaskTracker WatchKit App */ = {
			isa = PBXNativeTarget;
			buildConfigurationList = 2C72FDA025006F55008D1AF0 /* Build configuration list for PBXNativeTarget "TaskTracker WatchKit App" */;
			buildPhases = (
				2C72FD7125006F52008D1AF0 /* Resources */,
				2C72FD9F25006F55008D1AF0 /* Embed App Extensions */,
			);
			buildRules = (
			);
			dependencies = (
				2C72FD8525006F54008D1AF0 /* PBXTargetDependency */,
			);
			name = "TaskTracker WatchKit App";
			productName = "TaskTracker WatchKit App";
			productReference = 2C72FD7325006F52008D1AF0 /* TaskTracker WatchKit App.app */;
			productType = "com.apple.product-type.application.watchapp2";
		};
		2C72FD8125006F54008D1AF0 /* TaskTracker WatchKit Extension */ = {
			isa = PBXNativeTarget;
			buildConfigurationList = 2C72FD9C25006F55008D1AF0 /* Build configuration list for PBXNativeTarget "TaskTracker WatchKit Extension" */;
			buildPhases = (
				2C72FD7E25006F54008D1AF0 /* Sources */,
				2C72FD7F25006F54008D1AF0 /* Frameworks */,
				2C72FD8025006F54008D1AF0 /* Resources */,
			);
			buildRules = (
			);
			dependencies = (
			);
			name = "TaskTracker WatchKit Extension";
			productName = "TaskTracker WatchKit Extension";
			productReference = 2C72FD8225006F54008D1AF0 /* TaskTracker WatchKit Extension.appex */;
			productType = "com.apple.product-type.watchkit2-extension";
		};
/* End PBXNativeTarget section */

/* Begin PBXProject section */
		2C72FD4125006F48008D1AF0 /* Project object */ = {
			isa = PBXProject;
			attributes = {
				LastSwiftUpdateCheck = 1160;
				LastUpgradeCheck = 1160;
				ORGANIZATIONNAME = tresmilia;
				TargetAttributes = {
					2C72FD4825006F48008D1AF0 = {
						CreatedOnToolsVersion = 11.6;
					};
					2C72FD5E25006F52008D1AF0 = {
						CreatedOnToolsVersion = 11.6;
						TestTargetID = 2C72FD4825006F48008D1AF0;
					};
					2C72FD6925006F52008D1AF0 = {
						CreatedOnToolsVersion = 11.6;
						TestTargetID = 2C72FD4825006F48008D1AF0;
					};
					2C72FD7225006F52008D1AF0 = {
						CreatedOnToolsVersion = 11.6;
					};
					2C72FD8125006F54008D1AF0 = {
						CreatedOnToolsVersion = 11.6;
					};
				};
			};
			buildConfigurationList = 2C72FD4425006F48008D1AF0 /* Build configuration list for PBXProject "TaskTracker" */;
			compatibilityVersion = "Xcode 9.3";
			developmentRegion = en;
			hasScannedForEncodings = 0;
			knownRegions = (
				en,
				Base,
			);
			mainGroup = 2C72FD4025006F48008D1AF0;
			productRefGroup = 2C72FD4A25006F48008D1AF0 /* Products */;
			projectDirPath = "";
			projectRoot = "";
			targets = (
				2C72FD4825006F48008D1AF0 /* TaskTracker */,
				2C72FD5E25006F52008D1AF0 /* TaskTrackerTests */,
				2C72FD6925006F52008D1AF0 /* TaskTrackerUITests */,
				2C72FD7225006F52008D1AF0 /* TaskTracker WatchKit App */,
				2C72FD8125006F54008D1AF0 /* TaskTracker WatchKit Extension */,
			);
		};
/* End PBXProject section */

/* Begin PBXResourcesBuildPhase section */
		2C72FD4725006F48008D1AF0 /* Resources */ = {
			isa = PBXResourcesBuildPhase;
			buildActionMask = 2147483647;
			files = (
				2C72FD5925006F52008D1AF0 /* LaunchScreen.storyboard in Resources */,
				2C72FD5625006F52008D1AF0 /* Preview Assets.xcassets in Resources */,
				2C72FD5325006F52008D1AF0 /* Assets.xcassets in Resources */,
			);
			runOnlyForDeploymentPostprocessing = 0;
		};
		2C72FD5D25006F52008D1AF0 /* Resources */ = {
			isa = PBXResourcesBuildPhase;
			buildActionMask = 2147483647;
			files = (
			);
			runOnlyForDeploymentPostprocessing = 0;
		};
		2C72FD6825006F52008D1AF0 /* Resources */ = {
			isa = PBXResourcesBuildPhase;
			buildActionMask = 2147483647;
			files = (
			);
			runOnlyForDeploymentPostprocessing = 0;
		};
		2C72FD7125006F52008D1AF0 /* Resources */ = {
			isa = PBXResourcesBuildPhase;
			buildActionMask = 2147483647;
			files = (
				2C72FD7C25006F54008D1AF0 /* Assets.xcassets in Resources */,
				2C72FD7A25006F52008D1AF0 /* Interface.storyboard in Resources */,
			);
			runOnlyForDeploymentPostprocessing = 0;
		};
		2C72FD8025006F54008D1AF0 /* Resources */ = {
			isa = PBXResourcesBuildPhase;
			buildActionMask = 2147483647;
			files = (
				2C72FD9725006F55008D1AF0 /* Preview Assets.xcassets in Resources */,
				2C72FD9425006F55008D1AF0 /* Assets.xcassets in Resources */,
			);
			runOnlyForDeploymentPostprocessing = 0;
		};
/* End PBXResourcesBuildPhase section */

/* Begin PBXSourcesBuildPhase section */
		2C72FD4525006F48008D1AF0 /* Sources */ = {
			isa = PBXSourcesBuildPhase;
			buildActionMask = 2147483647;
			files = (
				2C72FD4D25006F48008D1AF0 /* AppDelegate.swift in Sources */,
				2C72FD4F25006F48008D1AF0 /* SceneDelegate.swift in Sources */,
				2C72FD5125006F48008D1AF0 /* ContentView.swift in Sources */,
			);
			runOnlyForDeploymentPostprocessing = 0;
		};
		2C72FD5B25006F52008D1AF0 /* Sources */ = {
			isa = PBXSourcesBuildPhase;
			buildActionMask = 2147483647;
			files = (
				2C72FD6425006F52008D1AF0 /* TaskTrackerTests.swift in Sources */,
			);
			runOnlyForDeploymentPostprocessing = 0;
		};
		2C72FD6625006F52008D1AF0 /* Sources */ = {
			isa = PBXSourcesBuildPhase;
			buildActionMask = 2147483647;
			files = (
				2C72FD6F25006F52008D1AF0 /* TaskTrackerUITests.swift in Sources */,
			);
			runOnlyForDeploymentPostprocessing = 0;
		};
		2C72FD7E25006F54008D1AF0 /* Sources */ = {
			isa = PBXSourcesBuildPhase;
			buildActionMask = 2147483647;
			files = (
				2C72FD8A25006F54008D1AF0 /* HostingController.swift in Sources */,
				2C72FD8825006F54008D1AF0 /* ContentView.swift in Sources */,
				2C72FD8E25006F54008D1AF0 /* NotificationController.swift in Sources */,
				2C72FD8C25006F54008D1AF0 /* ExtensionDelegate.swift in Sources */,
				2C72FD9025006F54008D1AF0 /* NotificationView.swift in Sources */,
				2C72FD9225006F54008D1AF0 /* ComplicationController.swift in Sources */,
			);
			runOnlyForDeploymentPostprocessing = 0;
		};
/* End PBXSourcesBuildPhase section */

/* Begin PBXTargetDependency section */
		2C72FD6125006F52008D1AF0 /* PBXTargetDependency */ = {
			isa = PBXTargetDependency;
			target = 2C72FD4825006F48008D1AF0 /* TaskTracker */;
			targetProxy = 2C72FD6025006F52008D1AF0 /* PBXContainerItemProxy */;
		};
		2C72FD6C25006F52008D1AF0 /* PBXTargetDependency */ = {
			isa = PBXTargetDependency;
			target = 2C72FD4825006F48008D1AF0 /* TaskTracker */;
			targetProxy = 2C72FD6B25006F52008D1AF0 /* PBXContainerItemProxy */;
		};
		2C72FD7625006F52008D1AF0 /* PBXTargetDependency */ = {
			isa = PBXTargetDependency;
			target = 2C72FD7225006F52008D1AF0 /* TaskTracker WatchKit App */;
			targetProxy = 2C72FD7525006F52008D1AF0 /* PBXContainerItemProxy */;
		};
		2C72FD8525006F54008D1AF0 /* PBXTargetDependency */ = {
			isa = PBXTargetDependency;
			target = 2C72FD8125006F54008D1AF0 /* TaskTracker WatchKit Extension */;
			targetProxy = 2C72FD8425006F54008D1AF0 /* PBXContainerItemProxy */;
		};
/* End PBXTargetDependency section */

/* Begin PBXVariantGroup section */
		2C72FD5725006F52008D1AF0 /* LaunchScreen.storyboard */ = {
			isa = PBXVariantGroup;
			children = (
				2C72FD5825006F52008D1AF0 /* Base */,
			);
			name = LaunchScreen.storyboard;
			sourceTree = "<group>";
		};
		2C72FD7825006F52008D1AF0 /* Interface.storyboard */ = {
			isa = PBXVariantGroup;
			children = (
				2C72FD7925006F52008D1AF0 /* Base */,
			);
			name = Interface.storyboard;
			sourceTree = "<group>";
		};
/* End PBXVariantGroup section */

/* Begin XCBuildConfiguration section */
		2C72FD9A25006F55008D1AF0 /* Debug */ = {
			isa = XCBuildConfiguration;
			buildSettings = {
				ALWAYS_SEARCH_USER_PATHS = NO;
				CLANG_ANALYZER_NONNULL = YES;
				CLANG_ANALYZER_NUMBER_OBJECT_CONVERSION = YES_AGGRESSIVE;
				CLANG_CXX_LANGUAGE_STANDARD = "gnu++14";
				CLANG_CXX_LIBRARY = "libc++";
				CLANG_ENABLE_MODULES = YES;
				CLANG_ENABLE_OBJC_ARC = YES;
				CLANG_ENABLE_OBJC_WEAK = YES;
				CLANG_WARN_BLOCK_CAPTURE_AUTORELEASING = YES;
				CLANG_WARN_BOOL_CONVERSION = YES;
				CLANG_WARN_COMMA = YES;
				CLANG_WARN_CONSTANT_CONVERSION = YES;
				CLANG_WARN_DEPRECATED_OBJC_IMPLEMENTATIONS = YES;
				CLANG_WARN_DIRECT_OBJC_ISA_USAGE = YES_ERROR;
				CLANG_WARN_DOCUMENTATION_COMMENTS = YES;
				CLANG_WARN_EMPTY_BODY = YES;
				CLANG_WARN_ENUM_CONVERSION = YES;
				CLANG_WARN_INFINITE_RECURSION = YES;
				CLANG_WARN_INT_CONVERSION = YES;
				CLANG_WARN_NON_LITERAL_NULL_CONVERSION = YES;
				CLANG_WARN_OBJC_IMPLICIT_RETAIN_SELF = YES;
				CLANG_WARN_OBJC_LITERAL_CONVERSION = YES;
				CLANG_WARN_OBJC_ROOT_CLASS = YES_ERROR;
				CLANG_WARN_RANGE_LOOP_ANALYSIS = YES;
				CLANG_WARN_STRICT_PROTOTYPES = YES;
				CLANG_WARN_SUSPICIOUS_MOVE = YES;
				CLANG_WARN_UNGUARDED_AVAILABILITY = YES_AGGRESSIVE;
				CLANG_WARN_UNREACHABLE_CODE = YES;
				CLANG_WARN__DUPLICATE_METHOD_MATCH = YES;
				COPY_PHASE_STRIP = NO;
				DEBUG_INFORMATION_FORMAT = dwarf;
				ENABLE_STRICT_OBJC_MSGSEND = YES;
				ENABLE_TESTABILITY = YES;
				GCC_C_LANGUAGE_STANDARD = gnu11;
				GCC_DYNAMIC_NO_PIC = NO;
				GCC_NO_COMMON_BLOCKS = YES;
				GCC_OPTIMIZATION_LEVEL = 0;
				GCC_PREPROCESSOR_DEFINITIONS = (
					"DEBUG=1",
					"$(inherited)",
				);
				GCC_WARN_64_TO_32_BIT_CONVERSION = YES;
				GCC_WARN_ABOUT_RETURN_TYPE = YES_ERROR;
				GCC_WARN_UNDECLARED_SELECTOR = YES;
				GCC_WARN_UNINITIALIZED_AUTOS = YES_AGGRESSIVE;
				GCC_WARN_UNUSED_FUNCTION = YES;
				GCC_WARN_UNUSED_VARIABLE = YES;
				IPHONEOS_DEPLOYMENT_TARGET = 13.6;
				MTL_ENABLE_DEBUG_INFO = INCLUDE_SOURCE;
				MTL_FAST_MATH = YES;
				ONLY_ACTIVE_ARCH = YES;
				SDKROOT = iphoneos;
				SWIFT_ACTIVE_COMPILATION_CONDITIONS = DEBUG;
				SWIFT_OPTIMIZATION_LEVEL = "-Onone";
			};
			name = Debug;
		};
		2C72FD9B25006F55008D1AF0 /* Release */ = {
			isa = XCBuildConfiguration;
			buildSettings = {
				ALWAYS_SEARCH_USER_PATHS = NO;
				CLANG_ANALYZER_NONNULL = YES;
				CLANG_ANALYZER_NUMBER_OBJECT_CONVERSION = YES_AGGRESSIVE;
				CLANG_CXX_LANGUAGE_STANDARD = "gnu++14";
				CLANG_CXX_LIBRARY = "libc++";
				CLANG_ENABLE_MODULES = YES;
				CLANG_ENABLE_OBJC_ARC = YES;
				CLANG_ENABLE_OBJC_WEAK = YES;
				CLANG_WARN_BLOCK_CAPTURE_AUTORELEASING = YES;
				CLANG_WARN_BOOL_CONVERSION = YES;
				CLANG_WARN_COMMA = YES;
				CLANG_WARN_CONSTANT_CONVERSION = YES;
				CLANG_WARN_DEPRECATED_OBJC_IMPLEMENTATIONS = YES;
				CLANG_WARN_DIRECT_OBJC_ISA_USAGE = YES_ERROR;
				CLANG_WARN_DOCUMENTATION_COMMENTS = YES;
				CLANG_WARN_EMPTY_BODY = YES;
				CLANG_WARN_ENUM_CONVERSION = YES;
				CLANG_WARN_INFINITE_RECURSION = YES;
				CLANG_WARN_INT_CONVERSION = YES;
				CLANG_WARN_NON_LITERAL_NULL_CONVERSION = YES;
				CLANG_WARN_OBJC_IMPLICIT_RETAIN_SELF = YES;
				CLANG_WARN_OBJC_LITERAL_CONVERSION = YES;
				CLANG_WARN_OBJC_ROOT_CLASS = YES_ERROR;
				CLANG_WARN_RANGE_LOOP_ANALYSIS = YES;
				CLANG_WARN_STRICT_PROTOTYPES = YES;
				CLANG_WARN_SUSPICIOUS_MOVE = YES;
				CLANG_WARN_UNGUARDED_AVAILABILITY = YES_AGGRESSIVE;
				CLANG_WARN_UNREACHABLE_CODE = YES;
				CLANG_WARN__DUPLICATE_METHOD_MATCH = YES;
				COPY_PHASE_STRIP = NO;
				DEBUG_INFORMATION_FORMAT = "dwarf-with-dsym";
				ENABLE_NS_ASSERTIONS = NO;
				ENABLE_STRICT_OBJC_MSGSEND = YES;
				GCC_C_LANGUAGE_STANDARD = gnu11;
				GCC_NO_COMMON_BLOCKS = YES;
				GCC_WARN_64_TO_32_BIT_CONVERSION = YES;
				GCC_WARN_ABOUT_RETURN_TYPE = YES_ERROR;
				GCC_WARN_UNDECLARED_SELECTOR = YES;
				GCC_WARN_UNINITIALIZED_AUTOS = YES_AGGRESSIVE;
				GCC_WARN_UNUSED_FUNCTION = YES;
				GCC_WARN_UNUSED_VARIABLE = YES;
				IPHONEOS_DEPLOYMENT_TARGET = 13.6;
				MTL_ENABLE_DEBUG_INFO = NO;
				MTL_FAST_MATH = YES;
				SDKROOT = iphoneos;
				SWIFT_COMPILATION_MODE = wholemodule;
				SWIFT_OPTIMIZATION_LEVEL = "-O";
				VALIDATE_PRODUCT = YES;
			};
			name = Release;
		};
		2C72FD9D25006F55008D1AF0 /* Debug */ = {
			isa = XCBuildConfiguration;
			buildSettings = {
				ASSETCATALOG_COMPILER_COMPLICATION_NAME = Complication;
				CODE_SIGN_STYLE = Automatic;
				DEVELOPMENT_ASSET_PATHS = "\"TaskTracker WatchKit Extension/Preview Content\"";
				DEVELOPMENT_TEAM = J256SJMZ25;
				ENABLE_PREVIEWS = YES;
				INFOPLIST_FILE = "TaskTracker WatchKit Extension/Info.plist";
				LD_RUNPATH_SEARCH_PATHS = (
					"$(inherited)",
					"@executable_path/Frameworks",
					"@executable_path/../../Frameworks",
				);
				PRODUCT_BUNDLE_IDENTIFIER = com.tresmilia.ios.watch.TaskTracker.watchkitapp.watchkitextension;
				PRODUCT_NAME = "${TARGET_NAME}";
				SDKROOT = watchos;
				SKIP_INSTALL = YES;
				SWIFT_VERSION = 5.0;
				TARGETED_DEVICE_FAMILY = 4;
				WATCHOS_DEPLOYMENT_TARGET = 6.2;
			};
			name = Debug;
		};
		2C72FD9E25006F55008D1AF0 /* Release */ = {
			isa = XCBuildConfiguration;
			buildSettings = {
				ASSETCATALOG_COMPILER_COMPLICATION_NAME = Complication;
				CODE_SIGN_STYLE = Automatic;
				DEVELOPMENT_ASSET_PATHS = "\"TaskTracker WatchKit Extension/Preview Content\"";
				DEVELOPMENT_TEAM = J256SJMZ25;
				ENABLE_PREVIEWS = YES;
				INFOPLIST_FILE = "TaskTracker WatchKit Extension/Info.plist";
				LD_RUNPATH_SEARCH_PATHS = (
					"$(inherited)",
					"@executable_path/Frameworks",
					"@executable_path/../../Frameworks",
				);
				PRODUCT_BUNDLE_IDENTIFIER = com.tresmilia.ios.watch.TaskTracker.watchkitapp.watchkitextension;
				PRODUCT_NAME = "${TARGET_NAME}";
				SDKROOT = watchos;
				SKIP_INSTALL = YES;
				SWIFT_VERSION = 5.0;
				TARGETED_DEVICE_FAMILY = 4;
				WATCHOS_DEPLOYMENT_TARGET = 6.2;
			};
			name = Release;
		};
		2C72FDA125006F55008D1AF0 /* Debug */ = {
			isa = XCBuildConfiguration;
			buildSettings = {
				ALWAYS_EMBED_SWIFT_STANDARD_LIBRARIES = YES;
				ASSETCATALOG_COMPILER_APPICON_NAME = AppIcon;
				CODE_SIGN_STYLE = Automatic;
				DEVELOPMENT_TEAM = J256SJMZ25;
				IBSC_MODULE = TaskTracker_WatchKit_Extension;
				INFOPLIST_FILE = "TaskTracker WatchKit App/Info.plist";
				PRODUCT_BUNDLE_IDENTIFIER = com.tresmilia.ios.watch.TaskTracker.watchkitapp;
				PRODUCT_NAME = "$(TARGET_NAME)";
				SDKROOT = watchos;
				SKIP_INSTALL = YES;
				SWIFT_VERSION = 5.0;
				TARGETED_DEVICE_FAMILY = 4;
				WATCHOS_DEPLOYMENT_TARGET = 6.2;
			};
			name = Debug;
		};
		2C72FDA225006F55008D1AF0 /* Release */ = {
			isa = XCBuildConfiguration;
			buildSettings = {
				ALWAYS_EMBED_SWIFT_STANDARD_LIBRARIES = YES;
				ASSETCATALOG_COMPILER_APPICON_NAME = AppIcon;
				CODE_SIGN_STYLE = Automatic;
				DEVELOPMENT_TEAM = J256SJMZ25;
				IBSC_MODULE = TaskTracker_WatchKit_Extension;
				INFOPLIST_FILE = "TaskTracker WatchKit App/Info.plist";
				PRODUCT_BUNDLE_IDENTIFIER = com.tresmilia.ios.watch.TaskTracker.watchkitapp;
				PRODUCT_NAME = "$(TARGET_NAME)";
				SDKROOT = watchos;
				SKIP_INSTALL = YES;
				SWIFT_VERSION = 5.0;
				TARGETED_DEVICE_FAMILY = 4;
				WATCHOS_DEPLOYMENT_TARGET = 6.2;
			};
			name = Release;
		};
		2C72FDA525006F55008D1AF0 /* Debug */ = {
			isa = XCBuildConfiguration;
			buildSettings = {
				ASSETCATALOG_COMPILER_APPICON_NAME = AppIcon;
				CODE_SIGN_STYLE = Automatic;
				DEVELOPMENT_ASSET_PATHS = "\"TaskTracker/Preview Content\"";
				DEVELOPMENT_TEAM = J256SJMZ25;
				ENABLE_PREVIEWS = YES;
				INFOPLIST_FILE = TaskTracker/Info.plist;
				LD_RUNPATH_SEARCH_PATHS = (
					"$(inherited)",
					"@executable_path/Frameworks",
				);
				PRODUCT_BUNDLE_IDENTIFIER = com.tresmilia.ios.watch.TaskTracker;
				PRODUCT_NAME = "$(TARGET_NAME)";
				SWIFT_VERSION = 5.0;
				TARGETED_DEVICE_FAMILY = "1,2";
			};
			name = Debug;
		};
		2C72FDA625006F55008D1AF0 /* Release */ = {
			isa = XCBuildConfiguration;
			buildSettings = {
				ASSETCATALOG_COMPILER_APPICON_NAME = AppIcon;
				CODE_SIGN_STYLE = Automatic;
				DEVELOPMENT_ASSET_PATHS = "\"TaskTracker/Preview Content\"";
				DEVELOPMENT_TEAM = J256SJMZ25;
				ENABLE_PREVIEWS = YES;
				INFOPLIST_FILE = TaskTracker/Info.plist;
				LD_RUNPATH_SEARCH_PATHS = (
					"$(inherited)",
					"@executable_path/Frameworks",
				);
				PRODUCT_BUNDLE_IDENTIFIER = com.tresmilia.ios.watch.TaskTracker;
				PRODUCT_NAME = "$(TARGET_NAME)";
				SWIFT_VERSION = 5.0;
				TARGETED_DEVICE_FAMILY = "1,2";
			};
			name = Release;
		};
		2C72FDA825006F55008D1AF0 /* Debug */ = {
			isa = XCBuildConfiguration;
			buildSettings = {
				ALWAYS_EMBED_SWIFT_STANDARD_LIBRARIES = YES;
				BUNDLE_LOADER = "$(TEST_HOST)";
				CODE_SIGN_STYLE = Automatic;
				DEVELOPMENT_TEAM = J256SJMZ25;
				INFOPLIST_FILE = TaskTrackerTests/Info.plist;
				IPHONEOS_DEPLOYMENT_TARGET = 13.6;
				LD_RUNPATH_SEARCH_PATHS = (
					"$(inherited)",
					"@executable_path/Frameworks",
					"@loader_path/Frameworks",
				);
				PRODUCT_BUNDLE_IDENTIFIER = com.tresmilia.ios.watch.TaskTrackerTests;
				PRODUCT_NAME = "$(TARGET_NAME)";
				SWIFT_VERSION = 5.0;
				TARGETED_DEVICE_FAMILY = "1,2";
				TEST_HOST = "$(BUILT_PRODUCTS_DIR)/TaskTracker.app/TaskTracker";
			};
			name = Debug;
		};
		2C72FDA925006F55008D1AF0 /* Release */ = {
			isa = XCBuildConfiguration;
			buildSettings = {
				ALWAYS_EMBED_SWIFT_STANDARD_LIBRARIES = YES;
				BUNDLE_LOADER = "$(TEST_HOST)";
				CODE_SIGN_STYLE = Automatic;
				DEVELOPMENT_TEAM = J256SJMZ25;
				INFOPLIST_FILE = TaskTrackerTests/Info.plist;
				IPHONEOS_DEPLOYMENT_TARGET = 13.6;
				LD_RUNPATH_SEARCH_PATHS = (
					"$(inherited)",
					"@executable_path/Frameworks",
					"@loader_path/Frameworks",
				);
				PRODUCT_BUNDLE_IDENTIFIER = com.tresmilia.ios.watch.TaskTrackerTests;
				PRODUCT_NAME = "$(TARGET_NAME)";
				SWIFT_VERSION = 5.0;
				TARGETED_DEVICE_FAMILY = "1,2";
				TEST_HOST = "$(BUILT_PRODUCTS_DIR)/TaskTracker.app/TaskTracker";
			};
			name = Release;
		};
		2C72FDAB25006F55008D1AF0 /* Debug */ = {
			isa = XCBuildConfiguration;
			buildSettings = {
				ALWAYS_EMBED_SWIFT_STANDARD_LIBRARIES = YES;
				CODE_SIGN_STYLE = Automatic;
				DEVELOPMENT_TEAM = J256SJMZ25;
				INFOPLIST_FILE = TaskTrackerUITests/Info.plist;
				LD_RUNPATH_SEARCH_PATHS = (
					"$(inherited)",
					"@executable_path/Frameworks",
					"@loader_path/Frameworks",
				);
				PRODUCT_BUNDLE_IDENTIFIER = com.tresmilia.ios.watch.TaskTrackerUITests;
				PRODUCT_NAME = "$(TARGET_NAME)";
				SWIFT_VERSION = 5.0;
				TARGETED_DEVICE_FAMILY = "1,2";
				TEST_TARGET_NAME = TaskTracker;
			};
			name = Debug;
		};
		2C72FDAC25006F55008D1AF0 /* Release */ = {
			isa = XCBuildConfiguration;
			buildSettings = {
				ALWAYS_EMBED_SWIFT_STANDARD_LIBRARIES = YES;
				CODE_SIGN_STYLE = Automatic;
				DEVELOPMENT_TEAM = J256SJMZ25;
				INFOPLIST_FILE = TaskTrackerUITests/Info.plist;
				LD_RUNPATH_SEARCH_PATHS = (
					"$(inherited)",
					"@executable_path/Frameworks",
					"@loader_path/Frameworks",
				);
				PRODUCT_BUNDLE_IDENTIFIER = com.tresmilia.ios.watch.TaskTrackerUITests;
				PRODUCT_NAME = "$(TARGET_NAME)";
				SWIFT_VERSION = 5.0;
				TARGETED_DEVICE_FAMILY = "1,2";
				TEST_TARGET_NAME = TaskTracker;
			};
			name = Release;
		};
/* End XCBuildConfiguration section */

/* Begin XCConfigurationList section */
		2C72FD4425006F48008D1AF0 /* Build configuration list for PBXProject "TaskTracker" */ = {
			isa = XCConfigurationList;
			buildConfigurations = (
				2C72FD9A25006F55008D1AF0 /* Debug */,
				2C72FD9B25006F55008D1AF0 /* Release */,
			);
			defaultConfigurationIsVisible = 0;
			defaultConfigurationName = Release;
		};
		2C72FD9C25006F55008D1AF0 /* Build configuration list for PBXNativeTarget "TaskTracker WatchKit Extension" */ = {
			isa = XCConfigurationList;
			buildConfigurations = (
				2C72FD9D25006F55008D1AF0 /* Debug */,
				2C72FD9E25006F55008D1AF0 /* Release */,
			);
			defaultConfigurationIsVisible = 0;
			defaultConfigurationName = Release;
		};
		2C72FDA025006F55008D1AF0 /* Build configuration list for PBXNativeTarget "TaskTracker WatchKit App" */ = {
			isa = XCConfigurationList;
			buildConfigurations = (
				2C72FDA125006F55008D1AF0 /* Debug */,
				2C72FDA225006F55008D1AF0 /* Release */,
			);
			defaultConfigurationIsVisible = 0;
			defaultConfigurationName = Release;
		};
		2C72FDA425006F55008D1AF0 /* Build configuration list for PBXNativeTarget "TaskTracker" */ = {
			isa = XCConfigurationList;
			buildConfigurations = (
				2C72FDA525006F55008D1AF0 /* Debug */,
				2C72FDA625006F55008D1AF0 /* Release */,
			);
			defaultConfigurationIsVisible = 0;
			defaultConfigurationName = Release;
		};
		2C72FDA725006F55008D1AF0 /* Build configuration list for PBXNativeTarget "TaskTrackerTests" */ = {
			isa = XCConfigurationList;
			buildConfigurations = (
				2C72FDA825006F55008D1AF0 /* Debug */,
				2C72FDA925006F55008D1AF0 /* Release */,
			);
			defaultConfigurationIsVisible = 0;
			defaultConfigurationName = Release;
		};
		2C72FDAA25006F55008D1AF0 /* Build configuration list for PBXNativeTarget "TaskTrackerUITests" */ = {
			isa = XCConfigurationList;
			buildConfigurations = (
				2C72FDAB25006F55008D1AF0 /* Debug */,
				2C72FDAC25006F55008D1AF0 /* Release */,
			);
			defaultConfigurationIsVisible = 0;
			defaultConfigurationName = Release;
		};
/* End XCConfigurationList section */
	};
	rootObject = 2C72FD4125006F48008D1AF0 /* Project object */;
}
